// !$*UTF8*$!
{
	archiveVersion = 1;
	classes = {
	};
	objectVersion = 55;
	objects = {

/* Begin PBXBuildFile section */
		B38E957327CF0569003F0B93 /* AppDelegate.swift in Sources */ = {isa = PBXBuildFile; fileRef = B38E957227CF0569003F0B93 /* AppDelegate.swift */; };
		B38E957527CF0569003F0B93 /* SceneDelegate.swift in Sources */ = {isa = PBXBuildFile; fileRef = B38E957427CF0569003F0B93 /* SceneDelegate.swift */; };
		B38E957727CF0569003F0B93 /* ViewController.swift in Sources */ = {isa = PBXBuildFile; fileRef = B38E957627CF0569003F0B93 /* ViewController.swift */; };
		B38E957A27CF0569003F0B93 /* Main.storyboard in Resources */ = {isa = PBXBuildFile; fileRef = B38E957827CF0569003F0B93 /* Main.storyboard */; };
		B38E957C27CF056E003F0B93 /* Assets.xcassets in Resources */ = {isa = PBXBuildFile; fileRef = B38E957B27CF056E003F0B93 /* Assets.xcassets */; };
		B38E957F27CF056E003F0B93 /* LaunchScreen.storyboard in Resources */ = {isa = PBXBuildFile; fileRef = B38E957D27CF056E003F0B93 /* LaunchScreen.storyboard */; };
		B38F52B427CF0AB80032EABB /* ApplicationLoader.swift in Sources */ = {isa = PBXBuildFile; fileRef = B38F52B327CF0AB80032EABB /* ApplicationLoader.swift */; };
		B38F52B627CF0AF50032EABB /* AppModule.swift in Sources */ = {isa = PBXBuildFile; fileRef = B38F52B527CF0AF50032EABB /* AppModule.swift */; };
		B38F52B927CF0BF40032EABB /* OnboardingModule.swift in Sources */ = {isa = PBXBuildFile; fileRef = B38F52B827CF0BF40032EABB /* OnboardingModule.swift */; };
		B38F52BB27CF0C260032EABB /* OnboardingProtocols.swift in Sources */ = {isa = PBXBuildFile; fileRef = B38F52BA27CF0C260032EABB /* OnboardingProtocols.swift */; };
		B38F52BD27CF0C440032EABB /* OnboardingView.swift in Sources */ = {isa = PBXBuildFile; fileRef = B38F52BC27CF0C440032EABB /* OnboardingView.swift */; };
		B38F52BF27CF0C520032EABB /* OnboardingPresenter.swift in Sources */ = {isa = PBXBuildFile; fileRef = B38F52BE27CF0C520032EABB /* OnboardingPresenter.swift */; };
		B38F52C127CF0E5E0032EABB /* OnboardingRouter.swift in Sources */ = {isa = PBXBuildFile; fileRef = B38F52C027CF0E5E0032EABB /* OnboardingRouter.swift */; };
		B38F52C527CF162A0032EABB /* WelcomePageView.swift in Sources */ = {isa = PBXBuildFile; fileRef = B38F52C427CF162A0032EABB /* WelcomePageView.swift */; };
		B38F52C727CF163A0032EABB /* InformativePageView.swift in Sources */ = {isa = PBXBuildFile; fileRef = B38F52C627CF163A0032EABB /* InformativePageView.swift */; };
		B38F52C927CF164A0032EABB /* ExitPageView.swift in Sources */ = {isa = PBXBuildFile; fileRef = B38F52C827CF164A0032EABB /* ExitPageView.swift */; };
		B38F52CC27CFF8650032EABB /* LoginView.swift in Sources */ = {isa = PBXBuildFile; fileRef = B38F52CB27CFF8650032EABB /* LoginView.swift */; };
		B38F52CE27CFF8C00032EABB /* LoginProtocols.swift in Sources */ = {isa = PBXBuildFile; fileRef = B38F52CD27CFF8C00032EABB /* LoginProtocols.swift */; };
		B38F52D027CFF9D80032EABB /* LoginModule.swift in Sources */ = {isa = PBXBuildFile; fileRef = B38F52CF27CFF9D80032EABB /* LoginModule.swift */; };
		B38F52D227CFF9E20032EABB /* LoginPresenter.swift in Sources */ = {isa = PBXBuildFile; fileRef = B38F52D127CFF9E20032EABB /* LoginPresenter.swift */; };
		B38F52D427CFF9E90032EABB /* LoginRouter.swift in Sources */ = {isa = PBXBuildFile; fileRef = B38F52D327CFF9E90032EABB /* LoginRouter.swift */; };
/* End PBXBuildFile section */

/* Begin PBXFileReference section */
		B38E956F27CF0569003F0B93 /* XChangeApp.app */ = {isa = PBXFileReference; explicitFileType = wrapper.application; includeInIndex = 0; path = XChangeApp.app; sourceTree = BUILT_PRODUCTS_DIR; };
		B38E957227CF0569003F0B93 /* AppDelegate.swift */ = {isa = PBXFileReference; lastKnownFileType = sourcecode.swift; path = AppDelegate.swift; sourceTree = "<group>"; };
		B38E957427CF0569003F0B93 /* SceneDelegate.swift */ = {isa = PBXFileReference; lastKnownFileType = sourcecode.swift; path = SceneDelegate.swift; sourceTree = "<group>"; };
		B38E957627CF0569003F0B93 /* ViewController.swift */ = {isa = PBXFileReference; lastKnownFileType = sourcecode.swift; path = ViewController.swift; sourceTree = "<group>"; };
		B38E957927CF0569003F0B93 /* Base */ = {isa = PBXFileReference; lastKnownFileType = file.storyboard; name = Base; path = Base.lproj/Main.storyboard; sourceTree = "<group>"; };
		B38E957B27CF056E003F0B93 /* Assets.xcassets */ = {isa = PBXFileReference; lastKnownFileType = folder.assetcatalog; path = Assets.xcassets; sourceTree = "<group>"; };
		B38E957E27CF056E003F0B93 /* Base */ = {isa = PBXFileReference; lastKnownFileType = file.storyboard; name = Base; path = Base.lproj/LaunchScreen.storyboard; sourceTree = "<group>"; };
		B38E958027CF056E003F0B93 /* Info.plist */ = {isa = PBXFileReference; lastKnownFileType = text.plist.xml; path = Info.plist; sourceTree = "<group>"; };
		B38F52B327CF0AB80032EABB /* ApplicationLoader.swift */ = {isa = PBXFileReference; lastKnownFileType = sourcecode.swift; path = ApplicationLoader.swift; sourceTree = "<group>"; };
		B38F52B527CF0AF50032EABB /* AppModule.swift */ = {isa = PBXFileReference; lastKnownFileType = sourcecode.swift; path = AppModule.swift; sourceTree = "<group>"; };
		B38F52B827CF0BF40032EABB /* OnboardingModule.swift */ = {isa = PBXFileReference; lastKnownFileType = sourcecode.swift; path = OnboardingModule.swift; sourceTree = "<group>"; };
		B38F52BA27CF0C260032EABB /* OnboardingProtocols.swift */ = {isa = PBXFileReference; lastKnownFileType = sourcecode.swift; path = OnboardingProtocols.swift; sourceTree = "<group>"; };
		B38F52BC27CF0C440032EABB /* OnboardingView.swift */ = {isa = PBXFileReference; lastKnownFileType = sourcecode.swift; path = OnboardingView.swift; sourceTree = "<group>"; };
		B38F52BE27CF0C520032EABB /* OnboardingPresenter.swift */ = {isa = PBXFileReference; lastKnownFileType = sourcecode.swift; path = OnboardingPresenter.swift; sourceTree = "<group>"; };
		B38F52C027CF0E5E0032EABB /* OnboardingRouter.swift */ = {isa = PBXFileReference; lastKnownFileType = sourcecode.swift; path = OnboardingRouter.swift; sourceTree = "<group>"; };
		B38F52C427CF162A0032EABB /* WelcomePageView.swift */ = {isa = PBXFileReference; lastKnownFileType = sourcecode.swift; path = WelcomePageView.swift; sourceTree = "<group>"; };
		B38F52C627CF163A0032EABB /* InformativePageView.swift */ = {isa = PBXFileReference; lastKnownFileType = sourcecode.swift; path = InformativePageView.swift; sourceTree = "<group>"; };
		B38F52C827CF164A0032EABB /* ExitPageView.swift */ = {isa = PBXFileReference; lastKnownFileType = sourcecode.swift; path = ExitPageView.swift; sourceTree = "<group>"; };
		B38F52CB27CFF8650032EABB /* LoginView.swift */ = {isa = PBXFileReference; lastKnownFileType = sourcecode.swift; path = LoginView.swift; sourceTree = "<group>"; };
		B38F52CD27CFF8C00032EABB /* LoginProtocols.swift */ = {isa = PBXFileReference; lastKnownFileType = sourcecode.swift; path = LoginProtocols.swift; sourceTree = "<group>"; };
		B38F52CF27CFF9D80032EABB /* LoginModule.swift */ = {isa = PBXFileReference; lastKnownFileType = sourcecode.swift; path = LoginModule.swift; sourceTree = "<group>"; };
		B38F52D127CFF9E20032EABB /* LoginPresenter.swift */ = {isa = PBXFileReference; lastKnownFileType = sourcecode.swift; path = LoginPresenter.swift; sourceTree = "<group>"; };
		B38F52D327CFF9E90032EABB /* LoginRouter.swift */ = {isa = PBXFileReference; lastKnownFileType = sourcecode.swift; path = LoginRouter.swift; sourceTree = "<group>"; };
/* End PBXFileReference section */

/* Begin PBXFrameworksBuildPhase section */
		B38E956C27CF0569003F0B93 /* Frameworks */ = {
			isa = PBXFrameworksBuildPhase;
			buildActionMask = 2147483647;
			files = (
			);
			runOnlyForDeploymentPostprocessing = 0;
		};
/* End PBXFrameworksBuildPhase section */

/* Begin PBXGroup section */
		B38E956627CF0568003F0B93 = {
			isa = PBXGroup;
			children = (
				B38E957127CF0569003F0B93 /* XChangeApp */,
				B38E957027CF0569003F0B93 /* Products */,
			);
			sourceTree = "<group>";
		};
		B38E957027CF0569003F0B93 /* Products */ = {
			isa = PBXGroup;
			children = (
				B38E956F27CF0569003F0B93 /* XChangeApp.app */,
			);
			name = Products;
			sourceTree = "<group>";
		};
		B38E957127CF0569003F0B93 /* XChangeApp */ = {
			isa = PBXGroup;
			children = (
				B38F52B127CF08F40032EABB /* App */,
				B38F52B227CF09150032EABB /* Modules */,
				B38E957627CF0569003F0B93 /* ViewController.swift */,
				B38E957827CF0569003F0B93 /* Main.storyboard */,
				B38E957B27CF056E003F0B93 /* Assets.xcassets */,
				B38E957D27CF056E003F0B93 /* LaunchScreen.storyboard */,
				B38E958027CF056E003F0B93 /* Info.plist */,
			);
			path = XChangeApp;
			sourceTree = "<group>";
		};
		B38F52B127CF08F40032EABB /* App */ = {
			isa = PBXGroup;
			children = (
				B38E957227CF0569003F0B93 /* AppDelegate.swift */,
				B38E957427CF0569003F0B93 /* SceneDelegate.swift */,
				B38F52B327CF0AB80032EABB /* ApplicationLoader.swift */,
				B38F52B527CF0AF50032EABB /* AppModule.swift */,
			);
			path = App;
			sourceTree = "<group>";
		};
		B38F52B227CF09150032EABB /* Modules */ = {
			isa = PBXGroup;
			children = (
				B38F52CA27CFF7210032EABB /* Login */,
				B38F52B727CF0BDB0032EABB /* Onboarding */,
			);
			path = Modules;
			sourceTree = "<group>";
		};
		B38F52B727CF0BDB0032EABB /* Onboarding */ = {
			isa = PBXGroup;
			children = (
				B38F52BA27CF0C260032EABB /* OnboardingProtocols.swift */,
				B38F52B827CF0BF40032EABB /* OnboardingModule.swift */,
				B38F52BC27CF0C440032EABB /* OnboardingView.swift */,
				B38F52BE27CF0C520032EABB /* OnboardingPresenter.swift */,
				B38F52C027CF0E5E0032EABB /* OnboardingRouter.swift */,
				B38F52C327CF150F0032EABB /* Pages */,
			);
			path = Onboarding;
			sourceTree = "<group>";
		};
		B38F52C327CF150F0032EABB /* Pages */ = {
			isa = PBXGroup;
			children = (
				B38F52C427CF162A0032EABB /* WelcomePageView.swift */,
				B38F52C627CF163A0032EABB /* InformativePageView.swift */,
				B38F52C827CF164A0032EABB /* ExitPageView.swift */,
			);
			name = Pages;
			sourceTree = "<group>";
		};
		B38F52CA27CFF7210032EABB /* Login */ = {
			isa = PBXGroup;
			children = (
				B38F52CD27CFF8C00032EABB /* LoginProtocols.swift */,
				B38F52CF27CFF9D80032EABB /* LoginModule.swift */,
				B38F52CB27CFF8650032EABB /* LoginView.swift */,
				B38F52D127CFF9E20032EABB /* LoginPresenter.swift */,
				B38F52D327CFF9E90032EABB /* LoginRouter.swift */,
			);
			path = Login;
			sourceTree = "<group>";
		};
/* End PBXGroup section */

/* Begin PBXNativeTarget section */
		B38E956E27CF0569003F0B93 /* XChangeApp */ = {
			isa = PBXNativeTarget;
			buildConfigurationList = B38E958327CF056E003F0B93 /* Build configuration list for PBXNativeTarget "XChangeApp" */;
			buildPhases = (
				B38E956B27CF0569003F0B93 /* Sources */,
				B38E956C27CF0569003F0B93 /* Frameworks */,
				B38E956D27CF0569003F0B93 /* Resources */,
			);
			buildRules = (
			);
			dependencies = (
			);
			name = XChangeApp;
			productName = XChangeApp;
			productReference = B38E956F27CF0569003F0B93 /* XChangeApp.app */;
			productType = "com.apple.product-type.application";
		};
/* End PBXNativeTarget section */

/* Begin PBXProject section */
		B38E956727CF0568003F0B93 /* Project object */ = {
			isa = PBXProject;
			attributes = {
				BuildIndependentTargetsInParallel = 1;
				LastSwiftUpdateCheck = 1300;
				LastUpgradeCheck = 1300;
				TargetAttributes = {
					B38E956E27CF0569003F0B93 = {
						CreatedOnToolsVersion = 13.0;
					};
				};
			};
			buildConfigurationList = B38E956A27CF0568003F0B93 /* Build configuration list for PBXProject "XChangeApp" */;
			compatibilityVersion = "Xcode 13.0";
			developmentRegion = en;
			hasScannedForEncodings = 0;
			knownRegions = (
				en,
				Base,
			);
			mainGroup = B38E956627CF0568003F0B93;
			productRefGroup = B38E957027CF0569003F0B93 /* Products */;
			projectDirPath = "";
			projectRoot = "";
			targets = (
				B38E956E27CF0569003F0B93 /* XChangeApp */,
			);
		};
/* End PBXProject section */

/* Begin PBXResourcesBuildPhase section */
		B38E956D27CF0569003F0B93 /* Resources */ = {
			isa = PBXResourcesBuildPhase;
			buildActionMask = 2147483647;
			files = (
				B38E957F27CF056E003F0B93 /* LaunchScreen.storyboard in Resources */,
				B38E957C27CF056E003F0B93 /* Assets.xcassets in Resources */,
				B38E957A27CF0569003F0B93 /* Main.storyboard in Resources */,
			);
			runOnlyForDeploymentPostprocessing = 0;
		};
/* End PBXResourcesBuildPhase section */

/* Begin PBXSourcesBuildPhase section */
		B38E956B27CF0569003F0B93 /* Sources */ = {
			isa = PBXSourcesBuildPhase;
			buildActionMask = 2147483647;
			files = (
				B38F52BB27CF0C260032EABB /* OnboardingProtocols.swift in Sources */,
				B38E957727CF0569003F0B93 /* ViewController.swift in Sources */,
				B38F52B627CF0AF50032EABB /* AppModule.swift in Sources */,
				B38F52BF27CF0C520032EABB /* OnboardingPresenter.swift in Sources */,
				B38F52C927CF164A0032EABB /* ExitPageView.swift in Sources */,
				B38F52B427CF0AB80032EABB /* ApplicationLoader.swift in Sources */,
				B38F52CE27CFF8C00032EABB /* LoginProtocols.swift in Sources */,
				B38F52C127CF0E5E0032EABB /* OnboardingRouter.swift in Sources */,
				B38E957327CF0569003F0B93 /* AppDelegate.swift in Sources */,
				B38F52D227CFF9E20032EABB /* LoginPresenter.swift in Sources */,
				B38F52CC27CFF8650032EABB /* LoginView.swift in Sources */,
				B38F52BD27CF0C440032EABB /* OnboardingView.swift in Sources */,
				B38F52D027CFF9D80032EABB /* LoginModule.swift in Sources */,
				B38F52C727CF163A0032EABB /* InformativePageView.swift in Sources */,
				B38F52D427CFF9E90032EABB /* LoginRouter.swift in Sources */,
				B38F52B927CF0BF40032EABB /* OnboardingModule.swift in Sources */,
				B38E957527CF0569003F0B93 /* SceneDelegate.swift in Sources */,
				B38F52C527CF162A0032EABB /* WelcomePageView.swift in Sources */,
			);
			runOnlyForDeploymentPostprocessing = 0;
		};
/* End PBXSourcesBuildPhase section */

/* Begin PBXVariantGroup section */
		B38E957827CF0569003F0B93 /* Main.storyboard */ = {
			isa = PBXVariantGroup;
			children = (
				B38E957927CF0569003F0B93 /* Base */,
			);
			name = Main.storyboard;
			sourceTree = "<group>";
		};
		B38E957D27CF056E003F0B93 /* LaunchScreen.storyboard */ = {
			isa = PBXVariantGroup;
			children = (
				B38E957E27CF056E003F0B93 /* Base */,
			);
			name = LaunchScreen.storyboard;
			sourceTree = "<group>";
		};
/* End PBXVariantGroup section */

/* Begin XCBuildConfiguration section */
		B38E958127CF056E003F0B93 /* Debug */ = {
			isa = XCBuildConfiguration;
			buildSettings = {
				ALWAYS_SEARCH_USER_PATHS = NO;
				CLANG_ANALYZER_NONNULL = YES;
				CLANG_ANALYZER_NUMBER_OBJECT_CONVERSION = YES_AGGRESSIVE;
				CLANG_CXX_LANGUAGE_STANDARD = "gnu++17";
				CLANG_CXX_LIBRARY = "libc++";
				CLANG_ENABLE_MODULES = YES;
				CLANG_ENABLE_OBJC_ARC = YES;
				CLANG_ENABLE_OBJC_WEAK = YES;
				CLANG_WARN_BLOCK_CAPTURE_AUTORELEASING = YES;
				CLANG_WARN_BOOL_CONVERSION = YES;
				CLANG_WARN_COMMA = YES;
				CLANG_WARN_CONSTANT_CONVERSION = YES;
				CLANG_WARN_DEPRECATED_OBJC_IMPLEMENTATIONS = YES;
				CLANG_WARN_DIRECT_OBJC_ISA_USAGE = YES_ERROR;
				CLANG_WARN_DOCUMENTATION_COMMENTS = YES;
				CLANG_WARN_EMPTY_BODY = YES;
				CLANG_WARN_ENUM_CONVERSION = YES;
				CLANG_WARN_INFINITE_RECURSION = YES;
				CLANG_WARN_INT_CONVERSION = YES;
				CLANG_WARN_NON_LITERAL_NULL_CONVERSION = YES;
				CLANG_WARN_OBJC_IMPLICIT_RETAIN_SELF = YES;
				CLANG_WARN_OBJC_LITERAL_CONVERSION = YES;
				CLANG_WARN_OBJC_ROOT_CLASS = YES_ERROR;
				CLANG_WARN_QUOTED_INCLUDE_IN_FRAMEWORK_HEADER = YES;
				CLANG_WARN_RANGE_LOOP_ANALYSIS = YES;
				CLANG_WARN_STRICT_PROTOTYPES = YES;
				CLANG_WARN_SUSPICIOUS_MOVE = YES;
				CLANG_WARN_UNGUARDED_AVAILABILITY = YES_AGGRESSIVE;
				CLANG_WARN_UNREACHABLE_CODE = YES;
				CLANG_WARN__DUPLICATE_METHOD_MATCH = YES;
				COPY_PHASE_STRIP = NO;
				DEBUG_INFORMATION_FORMAT = dwarf;
				ENABLE_STRICT_OBJC_MSGSEND = YES;
				ENABLE_TESTABILITY = YES;
				GCC_C_LANGUAGE_STANDARD = gnu11;
				GCC_DYNAMIC_NO_PIC = NO;
				GCC_NO_COMMON_BLOCKS = YES;
				GCC_OPTIMIZATION_LEVEL = 0;
				GCC_PREPROCESSOR_DEFINITIONS = (
					"DEBUG=1",
					"$(inherited)",
				);
				GCC_WARN_64_TO_32_BIT_CONVERSION = YES;
				GCC_WARN_ABOUT_RETURN_TYPE = YES_ERROR;
				GCC_WARN_UNDECLARED_SELECTOR = YES;
				GCC_WARN_UNINITIALIZED_AUTOS = YES_AGGRESSIVE;
				GCC_WARN_UNUSED_FUNCTION = YES;
				GCC_WARN_UNUSED_VARIABLE = YES;
				IPHONEOS_DEPLOYMENT_TARGET = 15.0;
				MTL_ENABLE_DEBUG_INFO = INCLUDE_SOURCE;
				MTL_FAST_MATH = YES;
				ONLY_ACTIVE_ARCH = YES;
				SDKROOT = iphoneos;
				SWIFT_ACTIVE_COMPILATION_CONDITIONS = DEBUG;
				SWIFT_OPTIMIZATION_LEVEL = "-Onone";
			};
			name = Debug;
		};
		B38E958227CF056E003F0B93 /* Release */ = {
			isa = XCBuildConfiguration;
			buildSettings = {
				ALWAYS_SEARCH_USER_PATHS = NO;
				CLANG_ANALYZER_NONNULL = YES;
				CLANG_ANALYZER_NUMBER_OBJECT_CONVERSION = YES_AGGRESSIVE;
				CLANG_CXX_LANGUAGE_STANDARD = "gnu++17";
				CLANG_CXX_LIBRARY = "libc++";
				CLANG_ENABLE_MODULES = YES;
				CLANG_ENABLE_OBJC_ARC = YES;
				CLANG_ENABLE_OBJC_WEAK = YES;
				CLANG_WARN_BLOCK_CAPTURE_AUTORELEASING = YES;
				CLANG_WARN_BOOL_CONVERSION = YES;
				CLANG_WARN_COMMA = YES;
				CLANG_WARN_CONSTANT_CONVERSION = YES;
				CLANG_WARN_DEPRECATED_OBJC_IMPLEMENTATIONS = YES;
				CLANG_WARN_DIRECT_OBJC_ISA_USAGE = YES_ERROR;
				CLANG_WARN_DOCUMENTATION_COMMENTS = YES;
				CLANG_WARN_EMPTY_BODY = YES;
				CLANG_WARN_ENUM_CONVERSION = YES;
				CLANG_WARN_INFINITE_RECURSION = YES;
				CLANG_WARN_INT_CONVERSION = YES;
				CLANG_WARN_NON_LITERAL_NULL_CONVERSION = YES;
				CLANG_WARN_OBJC_IMPLICIT_RETAIN_SELF = YES;
				CLANG_WARN_OBJC_LITERAL_CONVERSION = YES;
				CLANG_WARN_OBJC_ROOT_CLASS = YES_ERROR;
				CLANG_WARN_QUOTED_INCLUDE_IN_FRAMEWORK_HEADER = YES;
				CLANG_WARN_RANGE_LOOP_ANALYSIS = YES;
				CLANG_WARN_STRICT_PROTOTYPES = YES;
				CLANG_WARN_SUSPICIOUS_MOVE = YES;
				CLANG_WARN_UNGUARDED_AVAILABILITY = YES_AGGRESSIVE;
				CLANG_WARN_UNREACHABLE_CODE = YES;
				CLANG_WARN__DUPLICATE_METHOD_MATCH = YES;
				COPY_PHASE_STRIP = NO;
				DEBUG_INFORMATION_FORMAT = "dwarf-with-dsym";
				ENABLE_NS_ASSERTIONS = NO;
				ENABLE_STRICT_OBJC_MSGSEND = YES;
				GCC_C_LANGUAGE_STANDARD = gnu11;
				GCC_NO_COMMON_BLOCKS = YES;
				GCC_WARN_64_TO_32_BIT_CONVERSION = YES;
				GCC_WARN_ABOUT_RETURN_TYPE = YES_ERROR;
				GCC_WARN_UNDECLARED_SELECTOR = YES;
				GCC_WARN_UNINITIALIZED_AUTOS = YES_AGGRESSIVE;
				GCC_WARN_UNUSED_FUNCTION = YES;
				GCC_WARN_UNUSED_VARIABLE = YES;
				IPHONEOS_DEPLOYMENT_TARGET = 15.0;
				MTL_ENABLE_DEBUG_INFO = NO;
				MTL_FAST_MATH = YES;
				SDKROOT = iphoneos;
				SWIFT_COMPILATION_MODE = wholemodule;
				SWIFT_OPTIMIZATION_LEVEL = "-O";
				VALIDATE_PRODUCT = YES;
			};
			name = Release;
		};
		B38E958427CF056E003F0B93 /* Debug */ = {
			isa = XCBuildConfiguration;
			buildSettings = {
				ASSETCATALOG_COMPILER_APPICON_NAME = AppIcon;
				ASSETCATALOG_COMPILER_GLOBAL_ACCENT_COLOR_NAME = AccentColor;
				CODE_SIGN_STYLE = Automatic;
				CURRENT_PROJECT_VERSION = 1;
				DEVELOPMENT_TEAM = 5QSS7JC4P3;
				GENERATE_INFOPLIST_FILE = YES;
				INFOPLIST_FILE = XChangeApp/Info.plist;
				INFOPLIST_KEY_UIApplicationSupportsIndirectInputEvents = YES;
				INFOPLIST_KEY_UILaunchStoryboardName = LaunchScreen;
				INFOPLIST_KEY_UIMainStoryboardFile = Main;
				INFOPLIST_KEY_UISupportedInterfaceOrientations_iPad = "UIInterfaceOrientationPortrait UIInterfaceOrientationPortraitUpsideDown UIInterfaceOrientationLandscapeLeft UIInterfaceOrientationLandscapeRight";
				INFOPLIST_KEY_UISupportedInterfaceOrientations_iPhone = "UIInterfaceOrientationPortrait UIInterfaceOrientationLandscapeLeft UIInterfaceOrientationLandscapeRight";
				LD_RUNPATH_SEARCH_PATHS = (
					"$(inherited)",
					"@executable_path/Frameworks",
				);
				MARKETING_VERSION = 1.0;
				PRODUCT_BUNDLE_IDENTIFIER = com.iturrizaga.XChangeApp;
				PRODUCT_NAME = "$(TARGET_NAME)";
				SWIFT_EMIT_LOC_STRINGS = YES;
				SWIFT_VERSION = 5.0;
				TARGETED_DEVICE_FAMILY = "1,2";
			};
			name = Debug;
		};
		B38E958527CF056E003F0B93 /* Release */ = {
			isa = XCBuildConfiguration;
			buildSettings = {
				ASSETCATALOG_COMPILER_APPICON_NAME = AppIcon;
				ASSETCATALOG_COMPILER_GLOBAL_ACCENT_COLOR_NAME = AccentColor;
				CODE_SIGN_STYLE = Automatic;
				CURRENT_PROJECT_VERSION = 1;
				DEVELOPMENT_TEAM = 5QSS7JC4P3;
				GENERATE_INFOPLIST_FILE = YES;
				INFOPLIST_FILE = XChangeApp/Info.plist;
				INFOPLIST_KEY_UIApplicationSupportsIndirectInputEvents = YES;
				INFOPLIST_KEY_UILaunchStoryboardName = LaunchScreen;
				INFOPLIST_KEY_UIMainStoryboardFile = Main;
				INFOPLIST_KEY_UISupportedInterfaceOrientations_iPad = "UIInterfaceOrientationPortrait UIInterfaceOrientationPortraitUpsideDown UIInterfaceOrientationLandscapeLeft UIInterfaceOrientationLandscapeRight";
				INFOPLIST_KEY_UISupportedInterfaceOrientations_iPhone = "UIInterfaceOrientationPortrait UIInterfaceOrientationLandscapeLeft UIInterfaceOrientationLandscapeRight";
				LD_RUNPATH_SEARCH_PATHS = (
					"$(inherited)",
					"@executable_path/Frameworks",
				);
				MARKETING_VERSION = 1.0;
				PRODUCT_BUNDLE_IDENTIFIER = com.iturrizaga.XChangeApp;
				PRODUCT_NAME = "$(TARGET_NAME)";
				SWIFT_EMIT_LOC_STRINGS = YES;
				SWIFT_VERSION = 5.0;
				TARGETED_DEVICE_FAMILY = "1,2";
			};
			name = Release;
		};
/* End XCBuildConfiguration section */

/* Begin XCConfigurationList section */
		B38E956A27CF0568003F0B93 /* Build configuration list for PBXProject "XChangeApp" */ = {
			isa = XCConfigurationList;
			buildConfigurations = (
				B38E958127CF056E003F0B93 /* Debug */,
				B38E958227CF056E003F0B93 /* Release */,
			);
			defaultConfigurationIsVisible = 0;
			defaultConfigurationName = Release;
		};
		B38E958327CF056E003F0B93 /* Build configuration list for PBXNativeTarget "XChangeApp" */ = {
			isa = XCConfigurationList;
			buildConfigurations = (
				B38E958427CF056E003F0B93 /* Debug */,
				B38E958527CF056E003F0B93 /* Release */,
			);
			defaultConfigurationIsVisible = 0;
			defaultConfigurationName = Release;
		};
/* End XCConfigurationList section */
	};
	rootObject = B38E956727CF0568003F0B93 /* Project object */;
}
